github.com/gomgomlubis/go-say-hello v1.0.0 h1:R5sfVz1BsaDcCc8R31cr8W9qTzd5s5wXDrdiRaq9+aE=
github.com/gomgomlubis/go-say-hello v1.0.0/go.mod h1:xv9LFjt1tzf3Lnn82M32g3EoLqeFoxN1ZAJF1R/cqQg=
github.com/gomgomlubis/go-say-hello v1.5.0 h1:heg5WKDgKWLrWDnFqeh1Fl2GPhPi4e5jjGdLZ77UfeQ=
github.com/gomgomlubis/go-say-hello v1.5.0/go.mod h1:xv9LFjt1tzf3Lnn82M32g3EoLqeFoxN1ZAJF1R/cqQg=
github.com/gomgomlubis/go-say-hello v1.5.1 h1:61wPAkLdJPUsVr57TfTdn6RsHoT7tS1U+YVJcRoodCo=
github.com/gomgomlubis/go-say-hello v1.5.1/go.mod h1:xv9LFjt1tzf3Lnn82M32g3EoLqeFoxN1ZAJF1R/cqQg=
